
Microsoft Visual Studio Solution File, Format Version 12.00
# Visual Studio Version 17
VisualStudioVersion = 17.1.32414.318
MinimumVisualStudioVersion = 10.0.40219.1
Project("{FAE04EC0-301F-11D3-BF4B-00C04F79EFBC}") = "Basic Program", "Basic Program\Basic Program.csproj", "{94F16B4E-57A7-4607-B39B-6D5A43CEF5E8}"
EndProject
Global
	GlobalSection(SolutionConfigurationPlatforms) = preSolution
		Debug|Any CPU = Debug|Any CPU
		Release|Any CPU = Release|Any CPU
	EndGlobalSection
	GlobalSection(ProjectConfigurationPlatforms) = postSolution
		{94F16B4E-57A7-4607-B39B-6D5A43CEF5E8}.Debug|Any CPU.ActiveCfg = Debug|Any CPU
		{94F16B4E-57A7-4607-B39B-6D5A43CEF5E8}.Debug|Any CPU.Build.0 = Debug|Any CPU
		{94F16B4E-57A7-4607-B39B-6D5A43CEF5E8}.Release|Any CPU.ActiveCfg = Release|Any CPU
		{94F16B4E-57A7-4607-B39B-6D5A43CEF5E8}.Release|Any CPU.Build.0 = Release|Any CPU
	EndGlobalSection
	GlobalSection(SolutionProperties) = preSolution
		HideSolutionNode = FALSE
	EndGlobalSection
	GlobalSection(ExtensibilityGlobals) = postSolution
		SolutionGuid = {C792DD05-E8D7-4547-BC29-3686E8F3E5C2}
	EndGlobalSection
EndGlobal
